{
  "name": "testimonials-api",
  "version": "1.0.0",
  "lockfileVersion": 1,
  "requires": true,
  "dependencies": {
    "phin": {
      "version": "2.9.1",
      "resolved": "https://registry.npmjs.org/phin/-/phin-2.9.1.tgz",
      "integrity": "sha512-aRmHatimRP+73UipPJEK6AWHWjNcwssW6QmOpUcogYVgO8hbSi2Dv/yDWQKs/DmTjK3gCaf6CNsuYcIBWMnlVw=="
    },
    "vaxic": {
      "version": "2.3.5",
      "resolved": "https://registry.npmjs.org/vaxic/-/vaxic-2.3.5.tgz",
      "integrity": "sha512-SpT5z0AlbbDHDVo/4l33nxrgxt8D/LTNxv0Ve83FBdlLPw5AyfO1FSz2w4alSeQLzQwoWAxrEtYBxsj4Av/NXw==",
      "requires": {
        "phin": "^2.9.0"
      }
    }
  }
}
